
Microsoft Visual Studio Solution File, Format Version 12.00
# Visual Studio 15
VisualStudioVersion = 15.0.27004.2010
MinimumVisualStudioVersion = 10.0.40219.1
Project("{9A19103F-16F7-4668-BE54-9A1E7A4F7556}") = "CampComfyHost", "CampComfyHost\CampComfyHost.csproj", "{93090C5F-F55B-4E2B-80CC-CECB38099CB4}"
EndProject
Project("{2150E333-8FDC-42A3-9474-1A3956D46DE8}") = "Solution Items", "Solution Items", "{3C470C88-30C6-49CF-81C8-0A683DF107B6}"
	ProjectSection(SolutionItems) = preProject
		.gitattributes = .gitattributes
		.gitignore = .gitignore
		LICENSE = LICENSE
		README.md = README.md
	EndProjectSection
EndProject
Global
	GlobalSection(SolutionConfigurationPlatforms) = preSolution
		Debug|Any CPU = Debug|Any CPU
		Release|Any CPU = Release|Any CPU
	EndGlobalSection
	GlobalSection(ProjectConfigurationPlatforms) = postSolution
		{93090C5F-F55B-4E2B-80CC-CECB38099CB4}.Debug|Any CPU.ActiveCfg = Debug|Any CPU
		{93090C5F-F55B-4E2B-80CC-CECB38099CB4}.Debug|Any CPU.Build.0 = Debug|Any CPU
		{93090C5F-F55B-4E2B-80CC-CECB38099CB4}.Release|Any CPU.ActiveCfg = Release|Any CPU
		{93090C5F-F55B-4E2B-80CC-CECB38099CB4}.Release|Any CPU.Build.0 = Release|Any CPU
	EndGlobalSection
	GlobalSection(SolutionProperties) = preSolution
		HideSolutionNode = FALSE
	EndGlobalSection
	GlobalSection(ExtensibilityGlobals) = postSolution
		SolutionGuid = {FA630420-329B-4184-8B09-3B1C355F439E}
	EndGlobalSection
EndGlobal
